// !$*UTF8*$!
{
	archiveVersion = 1;
	classes = {
	};
	objectVersion = 56;
	objects = {

/* Begin PBXBuildFile section */
		ECAD56A829D444D6007FE772 /* Asset.xcassets in Resources */ = {isa = PBXBuildFile; fileRef = ECAD56A729D444D6007FE772 /* Asset.xcassets */; };
		ECAD56AA29D491D2007FE772 /* SignUp.swift in Sources */ = {isa = PBXBuildFile; fileRef = ECAD56A929D491D2007FE772 /* SignUp.swift */; };
		ECB3BFFF2A139EB400C34C51 /* Age.swift in Sources */ = {isa = PBXBuildFile; fileRef = ECB3BFFE2A139EB400C34C51 /* Age.swift */; };
		ECB3C0032A14183E00C34C51 /* HeightAndWeight.swift in Sources */ = {isa = PBXBuildFile; fileRef = ECB3C0022A14183E00C34C51 /* HeightAndWeight.swift */; };
		ECB3C0072A141D6100C34C51 /* ActivityLevel.swift in Sources */ = {isa = PBXBuildFile; fileRef = ECB3C0062A141D6100C34C51 /* ActivityLevel.swift */; };
		ECB3C0092A14235800C34C51 /* FitnessGoal.swift in Sources */ = {isa = PBXBuildFile; fileRef = ECB3C0082A14235800C34C51 /* FitnessGoal.swift */; };
		ECB3C00E2A15F0AC00C34C51 /* SnapKit in Frameworks */ = {isa = PBXBuildFile; productRef = ECB3C00D2A15F0AC00C34C51 /* SnapKit */; };
		ECB3C0162A161D6200C34C51 /* BMI.swift in Sources */ = {isa = PBXBuildFile; fileRef = ECB3C0152A161D6200C34C51 /* BMI.swift */; };
		ECB3C0182A162E6200C34C51 /* ViewHomePage.swift in Sources */ = {isa = PBXBuildFile; fileRef = ECB3C0172A162E6200C34C51 /* ViewHomePage.swift */; };
		ECB3C01A2A166D9000C34C51 /* CustomCell.swift in Sources */ = {isa = PBXBuildFile; fileRef = ECB3C0192A166D9000C34C51 /* CustomCell.swift */; };
		ECB3C01C2A167D3D00C34C51 /* ViewSchedulePage.swift in Sources */ = {isa = PBXBuildFile; fileRef = ECB3C01B2A167D3D00C34C51 /* ViewSchedulePage.swift */; };
		ECB3C01E2A167D5900C34C51 /* ViewProgressPage.swift in Sources */ = {isa = PBXBuildFile; fileRef = ECB3C01D2A167D5900C34C51 /* ViewProgressPage.swift */; };
		ECB3C0202A167D6D00C34C51 /* ViewProfilePage.swift in Sources */ = {isa = PBXBuildFile; fileRef = ECB3C01F2A167D6D00C34C51 /* ViewProfilePage.swift */; };
		ECB512C529D17C36006F9D80 /* AppDelegate.swift in Sources */ = {isa = PBXBuildFile; fileRef = ECB512C429D17C36006F9D80 /* AppDelegate.swift */; };
		ECB512C729D17C36006F9D80 /* SceneDelegate.swift in Sources */ = {isa = PBXBuildFile; fileRef = ECB512C629D17C36006F9D80 /* SceneDelegate.swift */; };
		ECB512C929D17C36006F9D80 /* FirstScreen.swift in Sources */ = {isa = PBXBuildFile; fileRef = ECB512C829D17C36006F9D80 /* FirstScreen.swift */; };
		ECB512D129D17C37006F9D80 /* LaunchScreen.storyboard in Resources */ = {isa = PBXBuildFile; fileRef = ECB512CF29D17C37006F9D80 /* LaunchScreen.storyboard */; };
		ECB512DD29D1CF0D006F9D80 /* SignIn.swift in Sources */ = {isa = PBXBuildFile; fileRef = ECB512DC29D1CF0D006F9D80 /* SignIn.swift */; };
		ECC6F4B22A0BDEB7007FE988 /* Gender.swift in Sources */ = {isa = PBXBuildFile; fileRef = ECC6F4B12A0BDEB7007FE988 /* Gender.swift */; };
/* End PBXBuildFile section */

/* Begin PBXFileReference section */
		ECAD56A729D444D6007FE772 /* Asset.xcassets */ = {isa = PBXFileReference; lastKnownFileType = folder.assetcatalog; path = Asset.xcassets; sourceTree = "<group>"; };
		ECAD56A929D491D2007FE772 /* SignUp.swift */ = {isa = PBXFileReference; lastKnownFileType = sourcecode.swift; path = SignUp.swift; sourceTree = "<group>"; };
		ECB3BFFE2A139EB400C34C51 /* Age.swift */ = {isa = PBXFileReference; lastKnownFileType = sourcecode.swift; path = Age.swift; sourceTree = "<group>"; };
		ECB3C0022A14183E00C34C51 /* HeightAndWeight.swift */ = {isa = PBXFileReference; lastKnownFileType = sourcecode.swift; path = HeightAndWeight.swift; sourceTree = "<group>"; };
		ECB3C0062A141D6100C34C51 /* ActivityLevel.swift */ = {isa = PBXFileReference; lastKnownFileType = sourcecode.swift; path = ActivityLevel.swift; sourceTree = "<group>"; };
		ECB3C0082A14235800C34C51 /* FitnessGoal.swift */ = {isa = PBXFileReference; lastKnownFileType = sourcecode.swift; path = FitnessGoal.swift; sourceTree = "<group>"; };
		ECB3C0152A161D6200C34C51 /* BMI.swift */ = {isa = PBXFileReference; lastKnownFileType = sourcecode.swift; path = BMI.swift; sourceTree = "<group>"; };
		ECB3C0172A162E6200C34C51 /* ViewHomePage.swift */ = {isa = PBXFileReference; lastKnownFileType = sourcecode.swift; path = ViewHomePage.swift; sourceTree = "<group>"; };
		ECB3C0192A166D9000C34C51 /* CustomCell.swift */ = {isa = PBXFileReference; lastKnownFileType = sourcecode.swift; path = CustomCell.swift; sourceTree = "<group>"; };
		ECB3C01B2A167D3D00C34C51 /* ViewSchedulePage.swift */ = {isa = PBXFileReference; lastKnownFileType = sourcecode.swift; path = ViewSchedulePage.swift; sourceTree = "<group>"; };
		ECB3C01D2A167D5900C34C51 /* ViewProgressPage.swift */ = {isa = PBXFileReference; lastKnownFileType = sourcecode.swift; path = ViewProgressPage.swift; sourceTree = "<group>"; };
		ECB3C01F2A167D6D00C34C51 /* ViewProfilePage.swift */ = {isa = PBXFileReference; lastKnownFileType = sourcecode.swift; path = ViewProfilePage.swift; sourceTree = "<group>"; };
		ECB512C129D17C36006F9D80 /* FitGenie.app */ = {isa = PBXFileReference; explicitFileType = wrapper.application; includeInIndex = 0; path = FitGenie.app; sourceTree = BUILT_PRODUCTS_DIR; };
		ECB512C429D17C36006F9D80 /* AppDelegate.swift */ = {isa = PBXFileReference; lastKnownFileType = sourcecode.swift; path = AppDelegate.swift; sourceTree = "<group>"; };
		ECB512C629D17C36006F9D80 /* SceneDelegate.swift */ = {isa = PBXFileReference; lastKnownFileType = sourcecode.swift; path = SceneDelegate.swift; sourceTree = "<group>"; };
		ECB512C829D17C36006F9D80 /* FirstScreen.swift */ = {isa = PBXFileReference; lastKnownFileType = sourcecode.swift; path = FirstScreen.swift; sourceTree = "<group>"; };
		ECB512D029D17C37006F9D80 /* Base */ = {isa = PBXFileReference; lastKnownFileType = file.storyboard; name = Base; path = Base.lproj/LaunchScreen.storyboard; sourceTree = "<group>"; };
		ECB512D229D17C37006F9D80 /* Info.plist */ = {isa = PBXFileReference; lastKnownFileType = text.plist.xml; path = Info.plist; sourceTree = "<group>"; };
		ECB512DC29D1CF0D006F9D80 /* SignIn.swift */ = {isa = PBXFileReference; lastKnownFileType = sourcecode.swift; path = SignIn.swift; sourceTree = "<group>"; };
		ECC6F4B12A0BDEB7007FE988 /* Gender.swift */ = {isa = PBXFileReference; lastKnownFileType = sourcecode.swift; path = Gender.swift; sourceTree = "<group>"; };
/* End PBXFileReference section */

/* Begin PBXFrameworksBuildPhase section */
		ECB512BE29D17C36006F9D80 /* Frameworks */ = {
			isa = PBXFrameworksBuildPhase;
			buildActionMask = 2147483647;
			files = (
				ECB3C00E2A15F0AC00C34C51 /* SnapKit in Frameworks */,
			);
			runOnlyForDeploymentPostprocessing = 0;
		};
/* End PBXFrameworksBuildPhase section */

/* Begin PBXGroup section */
		ECB512B829D17C36006F9D80 = {
			isa = PBXGroup;
			children = (
				ECB512C329D17C36006F9D80 /* FitGenie */,
				ECB512C229D17C36006F9D80 /* Products */,
			);
			sourceTree = "<group>";
		};
		ECB512C229D17C36006F9D80 /* Products */ = {
			isa = PBXGroup;
			children = (
				ECB512C129D17C36006F9D80 /* FitGenie.app */,
			);
			name = Products;
			sourceTree = "<group>";
		};
		ECB512C329D17C36006F9D80 /* FitGenie */ = {
			isa = PBXGroup;
			children = (
				ECB512D929D17E61006F9D80 /* Other */,
				ECB512D829D17E4D006F9D80 /* View */,
				ECB512CF29D17C37006F9D80 /* LaunchScreen.storyboard */,
				ECB512D229D17C37006F9D80 /* Info.plist */,
				ECAD56A729D444D6007FE772 /* Asset.xcassets */,
				ECB3C0192A166D9000C34C51 /* CustomCell.swift */,
			);
			path = FitGenie;
			sourceTree = "<group>";
		};
		ECB512D829D17E4D006F9D80 /* View */ = {
			isa = PBXGroup;
			children = (
				ECB512C829D17C36006F9D80 /* FirstScreen.swift */,
				ECB512DC29D1CF0D006F9D80 /* SignIn.swift */,
				ECAD56A929D491D2007FE772 /* SignUp.swift */,
				ECC6F4B12A0BDEB7007FE988 /* Gender.swift */,
				ECB3BFFE2A139EB400C34C51 /* Age.swift */,
				ECB3C0022A14183E00C34C51 /* HeightAndWeight.swift */,
				ECB3C0082A14235800C34C51 /* FitnessGoal.swift */,
				ECB3C0062A141D6100C34C51 /* ActivityLevel.swift */,
				ECB3C0152A161D6200C34C51 /* BMI.swift */,
				ECB3C0172A162E6200C34C51 /* ViewHomePage.swift */,
				ECB3C01B2A167D3D00C34C51 /* ViewSchedulePage.swift */,
				ECB3C01D2A167D5900C34C51 /* ViewProgressPage.swift */,
				ECB3C01F2A167D6D00C34C51 /* ViewProfilePage.swift */,
			);
			path = View;
			sourceTree = "<group>";
		};
		ECB512D929D17E61006F9D80 /* Other */ = {
			isa = PBXGroup;
			children = (
				ECB512C629D17C36006F9D80 /* SceneDelegate.swift */,
				ECB512C429D17C36006F9D80 /* AppDelegate.swift */,
			);
			path = Other;
			sourceTree = "<group>";
		};
/* End PBXGroup section */

/* Begin PBXNativeTarget section */
		ECB512C029D17C36006F9D80 /* FitGenie */ = {
			isa = PBXNativeTarget;
			buildConfigurationList = ECB512D529D17C37006F9D80 /* Build configuration list for PBXNativeTarget "FitGenie" */;
			buildPhases = (
				ECB512BD29D17C36006F9D80 /* Sources */,
				ECB512BE29D17C36006F9D80 /* Frameworks */,
				ECB512BF29D17C36006F9D80 /* Resources */,
			);
			buildRules = (
			);
			dependencies = (
			);
			name = FitGenie;
			packageProductDependencies = (
				ECB3C00D2A15F0AC00C34C51 /* SnapKit */,
			);
			productName = FitGenie;
			productReference = ECB512C129D17C36006F9D80 /* FitGenie.app */;
			productType = "com.apple.product-type.application";
		};
/* End PBXNativeTarget section */

/* Begin PBXProject section */
		ECB512B929D17C36006F9D80 /* Project object */ = {
			isa = PBXProject;
			attributes = {
				BuildIndependentTargetsInParallel = 1;
				LastSwiftUpdateCheck = 1420;
				LastUpgradeCheck = 1420;
				TargetAttributes = {
					ECB512C029D17C36006F9D80 = {
						CreatedOnToolsVersion = 14.2;
					};
				};
			};
			buildConfigurationList = ECB512BC29D17C36006F9D80 /* Build configuration list for PBXProject "FitGenie" */;
			compatibilityVersion = "Xcode 14.0";
			developmentRegion = en;
			hasScannedForEncodings = 0;
			knownRegions = (
				en,
				Base,
			);
			mainGroup = ECB512B829D17C36006F9D80;
			packageReferences = (
				ECB3C00C2A15F0AC00C34C51 /* XCRemoteSwiftPackageReference "SnapKit" */,
			);
			productRefGroup = ECB512C229D17C36006F9D80 /* Products */;
			projectDirPath = "";
			projectRoot = "";
			targets = (
				ECB512C029D17C36006F9D80 /* FitGenie */,
			);
		};
/* End PBXProject section */

/* Begin PBXResourcesBuildPhase section */
		ECB512BF29D17C36006F9D80 /* Resources */ = {
			isa = PBXResourcesBuildPhase;
			buildActionMask = 2147483647;
			files = (
				ECAD56A829D444D6007FE772 /* Asset.xcassets in Resources */,
				ECB512D129D17C37006F9D80 /* LaunchScreen.storyboard in Resources */,
			);
			runOnlyForDeploymentPostprocessing = 0;
		};
/* End PBXResourcesBuildPhase section */

/* Begin PBXSourcesBuildPhase section */
		ECB512BD29D17C36006F9D80 /* Sources */ = {
			isa = PBXSourcesBuildPhase;
			buildActionMask = 2147483647;
			files = (
				ECC6F4B22A0BDEB7007FE988 /* Gender.swift in Sources */,
				ECB3C01A2A166D9000C34C51 /* CustomCell.swift in Sources */,
				ECB512C929D17C36006F9D80 /* FirstScreen.swift in Sources */,
				ECB3C0162A161D6200C34C51 /* BMI.swift in Sources */,
				ECB3C01C2A167D3D00C34C51 /* ViewSchedulePage.swift in Sources */,
				ECB512C529D17C36006F9D80 /* AppDelegate.swift in Sources */,
				ECB512C729D17C36006F9D80 /* SceneDelegate.swift in Sources */,
				ECB512DD29D1CF0D006F9D80 /* SignIn.swift in Sources */,
				ECB3C01E2A167D5900C34C51 /* ViewProgressPage.swift in Sources */,
				ECB3C0202A167D6D00C34C51 /* ViewProfilePage.swift in Sources */,
				ECB3C0032A14183E00C34C51 /* HeightAndWeight.swift in Sources */,
				ECB3BFFF2A139EB400C34C51 /* Age.swift in Sources */,
				ECAD56AA29D491D2007FE772 /* SignUp.swift in Sources */,
				ECB3C0072A141D6100C34C51 /* ActivityLevel.swift in Sources */,
				ECB3C0182A162E6200C34C51 /* ViewHomePage.swift in Sources */,
				ECB3C0092A14235800C34C51 /* FitnessGoal.swift in Sources */,
			);
			runOnlyForDeploymentPostprocessing = 0;
		};
/* End PBXSourcesBuildPhase section */

/* Begin PBXVariantGroup section */
		ECB512CF29D17C37006F9D80 /* LaunchScreen.storyboard */ = {
			isa = PBXVariantGroup;
			children = (
				ECB512D029D17C37006F9D80 /* Base */,
			);
			name = LaunchScreen.storyboard;
			sourceTree = "<group>";
		};
/* End PBXVariantGroup section */

/* Begin XCBuildConfiguration section */
		ECB512D329D17C37006F9D80 /* Debug */ = {
			isa = XCBuildConfiguration;
			buildSettings = {
				ALWAYS_SEARCH_USER_PATHS = NO;
				CLANG_ANALYZER_NONNULL = YES;
				CLANG_ANALYZER_NUMBER_OBJECT_CONVERSION = YES_AGGRESSIVE;
				CLANG_CXX_LANGUAGE_STANDARD = "gnu++20";
				CLANG_ENABLE_MODULES = YES;
				CLANG_ENABLE_OBJC_ARC = YES;
				CLANG_ENABLE_OBJC_WEAK = YES;
				CLANG_WARN_BLOCK_CAPTURE_AUTORELEASING = YES;
				CLANG_WARN_BOOL_CONVERSION = YES;
				CLANG_WARN_COMMA = YES;
				CLANG_WARN_CONSTANT_CONVERSION = YES;
				CLANG_WARN_DEPRECATED_OBJC_IMPLEMENTATIONS = YES;
				CLANG_WARN_DIRECT_OBJC_ISA_USAGE = YES_ERROR;
				CLANG_WARN_DOCUMENTATION_COMMENTS = YES;
				CLANG_WARN_EMPTY_BODY = YES;
				CLANG_WARN_ENUM_CONVERSION = YES;
				CLANG_WARN_INFINITE_RECURSION = YES;
				CLANG_WARN_INT_CONVERSION = YES;
				CLANG_WARN_NON_LITERAL_NULL_CONVERSION = YES;
				CLANG_WARN_OBJC_IMPLICIT_RETAIN_SELF = YES;
				CLANG_WARN_OBJC_LITERAL_CONVERSION = YES;
				CLANG_WARN_OBJC_ROOT_CLASS = YES_ERROR;
				CLANG_WARN_QUOTED_INCLUDE_IN_FRAMEWORK_HEADER = YES;
				CLANG_WARN_RANGE_LOOP_ANALYSIS = YES;
				CLANG_WARN_STRICT_PROTOTYPES = YES;
				CLANG_WARN_SUSPICIOUS_MOVE = YES;
				CLANG_WARN_UNGUARDED_AVAILABILITY = YES_AGGRESSIVE;
				CLANG_WARN_UNREACHABLE_CODE = YES;
				CLANG_WARN__DUPLICATE_METHOD_MATCH = YES;
				COPY_PHASE_STRIP = NO;
				DEBUG_INFORMATION_FORMAT = dwarf;
				ENABLE_STRICT_OBJC_MSGSEND = YES;
				ENABLE_TESTABILITY = YES;
				GCC_C_LANGUAGE_STANDARD = gnu11;
				GCC_DYNAMIC_NO_PIC = NO;
				GCC_NO_COMMON_BLOCKS = YES;
				GCC_OPTIMIZATION_LEVEL = 0;
				GCC_PREPROCESSOR_DEFINITIONS = (
					"DEBUG=1",
					"$(inherited)",
				);
				GCC_WARN_64_TO_32_BIT_CONVERSION = YES;
				GCC_WARN_ABOUT_RETURN_TYPE = YES_ERROR;
				GCC_WARN_UNDECLARED_SELECTOR = YES;
				GCC_WARN_UNINITIALIZED_AUTOS = YES_AGGRESSIVE;
				GCC_WARN_UNUSED_FUNCTION = YES;
				GCC_WARN_UNUSED_VARIABLE = YES;
				IPHONEOS_DEPLOYMENT_TARGET = 16.2;
				MTL_ENABLE_DEBUG_INFO = INCLUDE_SOURCE;
				MTL_FAST_MATH = YES;
				ONLY_ACTIVE_ARCH = YES;
				SDKROOT = iphoneos;
				SWIFT_ACTIVE_COMPILATION_CONDITIONS = DEBUG;
				SWIFT_OPTIMIZATION_LEVEL = "-Onone";
			};
			name = Debug;
		};
		ECB512D429D17C37006F9D80 /* Release */ = {
			isa = XCBuildConfiguration;
			buildSettings = {
				ALWAYS_SEARCH_USER_PATHS = NO;
				CLANG_ANALYZER_NONNULL = YES;
				CLANG_ANALYZER_NUMBER_OBJECT_CONVERSION = YES_AGGRESSIVE;
				CLANG_CXX_LANGUAGE_STANDARD = "gnu++20";
				CLANG_ENABLE_MODULES = YES;
				CLANG_ENABLE_OBJC_ARC = YES;
				CLANG_ENABLE_OBJC_WEAK = YES;
				CLANG_WARN_BLOCK_CAPTURE_AUTORELEASING = YES;
				CLANG_WARN_BOOL_CONVERSION = YES;
				CLANG_WARN_COMMA = YES;
				CLANG_WARN_CONSTANT_CONVERSION = YES;
				CLANG_WARN_DEPRECATED_OBJC_IMPLEMENTATIONS = YES;
				CLANG_WARN_DIRECT_OBJC_ISA_USAGE = YES_ERROR;
				CLANG_WARN_DOCUMENTATION_COMMENTS = YES;
				CLANG_WARN_EMPTY_BODY = YES;
				CLANG_WARN_ENUM_CONVERSION = YES;
				CLANG_WARN_INFINITE_RECURSION = YES;
				CLANG_WARN_INT_CONVERSION = YES;
				CLANG_WARN_NON_LITERAL_NULL_CONVERSION = YES;
				CLANG_WARN_OBJC_IMPLICIT_RETAIN_SELF = YES;
				CLANG_WARN_OBJC_LITERAL_CONVERSION = YES;
				CLANG_WARN_OBJC_ROOT_CLASS = YES_ERROR;
				CLANG_WARN_QUOTED_INCLUDE_IN_FRAMEWORK_HEADER = YES;
				CLANG_WARN_RANGE_LOOP_ANALYSIS = YES;
				CLANG_WARN_STRICT_PROTOTYPES = YES;
				CLANG_WARN_SUSPICIOUS_MOVE = YES;
				CLANG_WARN_UNGUARDED_AVAILABILITY = YES_AGGRESSIVE;
				CLANG_WARN_UNREACHABLE_CODE = YES;
				CLANG_WARN__DUPLICATE_METHOD_MATCH = YES;
				COPY_PHASE_STRIP = NO;
				DEBUG_INFORMATION_FORMAT = "dwarf-with-dsym";
				ENABLE_NS_ASSERTIONS = NO;
				ENABLE_STRICT_OBJC_MSGSEND = YES;
				GCC_C_LANGUAGE_STANDARD = gnu11;
				GCC_NO_COMMON_BLOCKS = YES;
				GCC_WARN_64_TO_32_BIT_CONVERSION = YES;
				GCC_WARN_ABOUT_RETURN_TYPE = YES_ERROR;
				GCC_WARN_UNDECLARED_SELECTOR = YES;
				GCC_WARN_UNINITIALIZED_AUTOS = YES_AGGRESSIVE;
				GCC_WARN_UNUSED_FUNCTION = YES;
				GCC_WARN_UNUSED_VARIABLE = YES;
				IPHONEOS_DEPLOYMENT_TARGET = 16.2;
				MTL_ENABLE_DEBUG_INFO = NO;
				MTL_FAST_MATH = YES;
				SDKROOT = iphoneos;
				SWIFT_COMPILATION_MODE = wholemodule;
				SWIFT_OPTIMIZATION_LEVEL = "-O";
				VALIDATE_PRODUCT = YES;
			};
			name = Release;
		};
		ECB512D629D17C37006F9D80 /* Debug */ = {
			isa = XCBuildConfiguration;
			buildSettings = {
				ASSETCATALOG_COMPILER_APPICON_NAME = AppIcon;
				ASSETCATALOG_COMPILER_GLOBAL_ACCENT_COLOR_NAME = AccentColor;
				CODE_SIGN_STYLE = Automatic;
				CURRENT_PROJECT_VERSION = 1;
				DEVELOPMENT_TEAM = MY4PTDGF7J;
				GENERATE_INFOPLIST_FILE = YES;
				INFOPLIST_FILE = FitGenie/Info.plist;
				INFOPLIST_KEY_UIApplicationSupportsIndirectInputEvents = YES;
				INFOPLIST_KEY_UILaunchStoryboardName = LaunchScreen;
				INFOPLIST_KEY_UISupportedInterfaceOrientations_iPad = "UIInterfaceOrientationPortrait UIInterfaceOrientationPortraitUpsideDown UIInterfaceOrientationLandscapeLeft UIInterfaceOrientationLandscapeRight";
				INFOPLIST_KEY_UISupportedInterfaceOrientations_iPhone = "UIInterfaceOrientationPortrait UIInterfaceOrientationLandscapeLeft UIInterfaceOrientationLandscapeRight";
				LD_RUNPATH_SEARCH_PATHS = (
					"$(inherited)",
					"@executable_path/Frameworks",
				);
				MARKETING_VERSION = 1.0;
				PRODUCT_BUNDLE_IDENTIFIER = com.anusha.FitGenie;
				PRODUCT_NAME = "$(TARGET_NAME)";
				SWIFT_EMIT_LOC_STRINGS = YES;
				SWIFT_VERSION = 5.0;
				TARGETED_DEVICE_FAMILY = "1,2";
			};
			name = Debug;
		};
		ECB512D729D17C37006F9D80 /* Release */ = {
			isa = XCBuildConfiguration;
			buildSettings = {
				ASSETCATALOG_COMPILER_APPICON_NAME = AppIcon;
				ASSETCATALOG_COMPILER_GLOBAL_ACCENT_COLOR_NAME = AccentColor;
				CODE_SIGN_STYLE = Automatic;
				CURRENT_PROJECT_VERSION = 1;
				DEVELOPMENT_TEAM = MY4PTDGF7J;
				GENERATE_INFOPLIST_FILE = YES;
				INFOPLIST_FILE = FitGenie/Info.plist;
				INFOPLIST_KEY_UIApplicationSupportsIndirectInputEvents = YES;
				INFOPLIST_KEY_UILaunchStoryboardName = LaunchScreen;
				INFOPLIST_KEY_UISupportedInterfaceOrientations_iPad = "UIInterfaceOrientationPortrait UIInterfaceOrientationPortraitUpsideDown UIInterfaceOrientationLandscapeLeft UIInterfaceOrientationLandscapeRight";
				INFOPLIST_KEY_UISupportedInterfaceOrientations_iPhone = "UIInterfaceOrientationPortrait UIInterfaceOrientationLandscapeLeft UIInterfaceOrientationLandscapeRight";
				LD_RUNPATH_SEARCH_PATHS = (
					"$(inherited)",
					"@executable_path/Frameworks",
				);
				MARKETING_VERSION = 1.0;
				PRODUCT_BUNDLE_IDENTIFIER = com.anusha.FitGenie;
				PRODUCT_NAME = "$(TARGET_NAME)";
				SWIFT_EMIT_LOC_STRINGS = YES;
				SWIFT_VERSION = 5.0;
				TARGETED_DEVICE_FAMILY = "1,2";
			};
			name = Release;
		};
/* End XCBuildConfiguration section */

/* Begin XCConfigurationList section */
		ECB512BC29D17C36006F9D80 /* Build configuration list for PBXProject "FitGenie" */ = {
			isa = XCConfigurationList;
			buildConfigurations = (
				ECB512D329D17C37006F9D80 /* Debug */,
				ECB512D429D17C37006F9D80 /* Release */,
			);
			defaultConfigurationIsVisible = 0;
			defaultConfigurationName = Release;
		};
		ECB512D529D17C37006F9D80 /* Build configuration list for PBXNativeTarget "FitGenie" */ = {
			isa = XCConfigurationList;
			buildConfigurations = (
				ECB512D629D17C37006F9D80 /* Debug */,
				ECB512D729D17C37006F9D80 /* Release */,
			);
			defaultConfigurationIsVisible = 0;
			defaultConfigurationName = Release;
		};
/* End XCConfigurationList section */

/* Begin XCRemoteSwiftPackageReference section */
		ECB3C00C2A15F0AC00C34C51 /* XCRemoteSwiftPackageReference "SnapKit" */ = {
			isa = XCRemoteSwiftPackageReference;
			repositoryURL = "https://github.com/SnapKit/SnapKit.git";
			requirement = {
				kind = upToNextMajorVersion;
				minimumVersion = 5.0.0;
			};
		};
/* End XCRemoteSwiftPackageReference section */

/* Begin XCSwiftPackageProductDependency section */
		ECB3C00D2A15F0AC00C34C51 /* SnapKit */ = {
			isa = XCSwiftPackageProductDependency;
			package = ECB3C00C2A15F0AC00C34C51 /* XCRemoteSwiftPackageReference "SnapKit" */;
			productName = SnapKit;
		};
/* End XCSwiftPackageProductDependency section */
	};
	rootObject = ECB512B929D17C36006F9D80 /* Project object */;
}
